
Microsoft Visual Studio Solution File, Format Version 12.00
# Visual Studio Version 16
VisualStudioVersion = 16.0.30907.101
MinimumVisualStudioVersion = 10.0.40219.1
Project("{FAE04EC0-301F-11D3-BF4B-00C04F79EFBC}") = "OS_lab3", "OS_lab3\OS_lab3.csproj", "{159125C1-B18A-42DD-870C-8103E176AFAC}"
EndProject
Global
	GlobalSection(SolutionConfigurationPlatforms) = preSolution
		Debug|Any CPU = Debug|Any CPU
		Release|Any CPU = Release|Any CPU
	EndGlobalSection
	GlobalSection(ProjectConfigurationPlatforms) = postSolution
		{159125C1-B18A-42DD-870C-8103E176AFAC}.Debug|Any CPU.ActiveCfg = Debug|Any CPU
		{159125C1-B18A-42DD-870C-8103E176AFAC}.Debug|Any CPU.Build.0 = Debug|Any CPU
		{159125C1-B18A-42DD-870C-8103E176AFAC}.Release|Any CPU.ActiveCfg = Release|Any CPU
		{159125C1-B18A-42DD-870C-8103E176AFAC}.Release|Any CPU.Build.0 = Release|Any CPU
	EndGlobalSection
	GlobalSection(SolutionProperties) = preSolution
		HideSolutionNode = FALSE
	EndGlobalSection
	GlobalSection(ExtensibilityGlobals) = postSolution
		SolutionGuid = {44991804-29D3-4895-8CA0-AACFC345342B}
	EndGlobalSection
EndGlobal
